Microsoft Visual Studio Solution File, Format Version 12.00
# Visual Studio Version 17
VisualStudioVersion = 17.5.2.0
MinimumVisualStudioVersion = 10.0.40219.1
Project("{FAE04EC0-301F-11D3-BF4B-00C04F79EFBC}") = "OneUpDashboard.Api", "OneUpDashboard.Api\OneUpDashboard.Api.csproj", "{6107C8D8-3495-BD54-A2F0-011C4A42A6C6}"
EndProject
Global
	GlobalSection(SolutionConfigurationPlatforms) = preSolution
		Debug|Any CPU = Debug|Any CPU
		Release|Any CPU = Release|Any CPU
	EndGlobalSection
	GlobalSection(ProjectConfigurationPlatforms) = postSolution
		{6107C8D8-3495-BD54-A2F0-011C4A42A6C6}.Debug|Any CPU.ActiveCfg = Debug|Any CPU
		{6107C8D8-3495-BD54-A2F0-011C4A42A6C6}.Debug|Any CPU.Build.0 = Debug|Any CPU
		{6107C8D8-3495-BD54-A2F0-011C4A42A6C6}.Release|Any CPU.ActiveCfg = Release|Any CPU
		{6107C8D8-3495-BD54-A2F0-011C4A42A6C6}.Release|Any CPU.Build.0 = Release|Any CPU
	EndGlobalSection
	GlobalSection(SolutionProperties) = preSolution
		HideSolutionNode = FALSE
	EndGlobalSection
	GlobalSection(ExtensibilityGlobals) = postSolution
		SolutionGuid = {9A07A3A9-E8E4-4D18-BD09-C2E4BD713BBC}
	EndGlobalSection
EndGlobal
